
Microsoft Visual Studio Solution File, Format Version 12.00
# Visual Studio Version 17
VisualStudioVersion = 17.14.36623.8 d17.14
MinimumVisualStudioVersion = 10.0.40219.1
Project("{FAE04EC0-301F-11D3-BF4B-00C04F79EFBC}") = "Gremio_de_la_Lectura_API", "Gremio_de_la_Lectura_API.csproj", "{E280A97E-A935-425E-AEF4-3E4908913A39}"
EndProject
Global
	GlobalSection(SolutionConfigurationPlatforms) = preSolution
		Debug|Any CPU = Debug|Any CPU
		Release|Any CPU = Release|Any CPU
	EndGlobalSection
	GlobalSection(ProjectConfigurationPlatforms) = postSolution
		{E280A97E-A935-425E-AEF4-3E4908913A39}.Debug|Any CPU.ActiveCfg = Debug|Any CPU
		{E280A97E-A935-425E-AEF4-3E4908913A39}.Debug|Any CPU.Build.0 = Debug|Any CPU
		{E280A97E-A935-425E-AEF4-3E4908913A39}.Release|Any CPU.ActiveCfg = Release|Any CPU
		{E280A97E-A935-425E-AEF4-3E4908913A39}.Release|Any CPU.Build.0 = Release|Any CPU
	EndGlobalSection
	GlobalSection(SolutionProperties) = preSolution
		HideSolutionNode = FALSE
	EndGlobalSection
	GlobalSection(ExtensibilityGlobals) = postSolution
		SolutionGuid = {C428F25D-7A04-409F-8EE8-262750081DC9}
	EndGlobalSection
EndGlobal
